// !$*UTF8*$!
{
	archiveVersion = 1;
	classes = {
	};
	objectVersion = 46;
	objects = {

/* Begin PBXBuildFile section */
		7330B5A21C4274BD005EE502 /* AppDelegate.swift in Sources */ = {isa = PBXBuildFile; fileRef = 7330B5A11C4274BD005EE502 /* AppDelegate.swift */; };
		7330B5A41C4274BD005EE502 /* ViewController.swift in Sources */ = {isa = PBXBuildFile; fileRef = 7330B5A31C4274BD005EE502 /* ViewController.swift */; };
		7330B5A71C4274BD005EE502 /* Main.storyboard in Resources */ = {isa = PBXBuildFile; fileRef = 7330B5A51C4274BD005EE502 /* Main.storyboard */; };
		7330B5A91C4274BD005EE502 /* Assets.xcassets in Resources */ = {isa = PBXBuildFile; fileRef = 7330B5A81C4274BD005EE502 /* Assets.xcassets */; };
		7330B5AC1C4274BD005EE502 /* LaunchScreen.storyboard in Resources */ = {isa = PBXBuildFile; fileRef = 7330B5AA1C4274BD005EE502 /* LaunchScreen.storyboard */; };
		7330B5B71C4274BE005EE502 /* sapaadTests.swift in Sources */ = {isa = PBXBuildFile; fileRef = 7330B5B61C4274BE005EE502 /* sapaadTests.swift */; };
		7330B5C21C4274BE005EE502 /* sapaadUITests.swift in Sources */ = {isa = PBXBuildFile; fileRef = 7330B5C11C4274BE005EE502 /* sapaadUITests.swift */; };
/* End PBXBuildFile section */

/* Begin PBXContainerItemProxy section */
		7330B5B31C4274BE005EE502 /* PBXContainerItemProxy */ = {
			isa = PBXContainerItemProxy;
			containerPortal = 7330B5961C4274BD005EE502 /* Project object */;
			proxyType = 1;
			remoteGlobalIDString = 7330B59D1C4274BD005EE502;
			remoteInfo = sapaad;
		};
		7330B5BE1C4274BE005EE502 /* PBXContainerItemProxy */ = {
			isa = PBXContainerItemProxy;
			containerPortal = 7330B5961C4274BD005EE502 /* Project object */;
			proxyType = 1;
			remoteGlobalIDString = 7330B59D1C4274BD005EE502;
			remoteInfo = sapaad;
		};
/* End PBXContainerItemProxy section */

/* Begin PBXFileReference section */
		7330B59E1C4274BD005EE502 /* sapaad.app */ = {isa = PBXFileReference; explicitFileType = wrapper.application; includeInIndex = 0; path = sapaad.app; sourceTree = BUILT_PRODUCTS_DIR; };
		7330B5A11C4274BD005EE502 /* AppDelegate.swift */ = {isa = PBXFileReference; lastKnownFileType = sourcecode.swift; path = AppDelegate.swift; sourceTree = "<group>"; };
		7330B5A31C4274BD005EE502 /* ViewController.swift */ = {isa = PBXFileReference; lastKnownFileType = sourcecode.swift; path = ViewController.swift; sourceTree = "<group>"; };
		7330B5A61C4274BD005EE502 /* Base */ = {isa = PBXFileReference; lastKnownFileType = file.storyboard; name = Base; path = Base.lproj/Main.storyboard; sourceTree = "<group>"; };
		7330B5A81C4274BD005EE502 /* Assets.xcassets */ = {isa = PBXFileReference; lastKnownFileType = folder.assetcatalog; path = Assets.xcassets; sourceTree = "<group>"; };
		7330B5AB1C4274BD005EE502 /* Base */ = {isa = PBXFileReference; lastKnownFileType = file.storyboard; name = Base; path = Base.lproj/LaunchScreen.storyboard; sourceTree = "<group>"; };
		7330B5AD1C4274BD005EE502 /* Info.plist */ = {isa = PBXFileReference; lastKnownFileType = text.plist.xml; path = Info.plist; sourceTree = "<group>"; };
		7330B5B21C4274BE005EE502 /* sapaadTests.xctest */ = {isa = PBXFileReference; explicitFileType = wrapper.cfbundle; includeInIndex = 0; path = sapaadTests.xctest; sourceTree = BUILT_PRODUCTS_DIR; };
		7330B5B61C4274BE005EE502 /* sapaadTests.swift */ = {isa = PBXFileReference; lastKnownFileType = sourcecode.swift; path = sapaadTests.swift; sourceTree = "<group>"; };
		7330B5B81C4274BE005EE502 /* Info.plist */ = {isa = PBXFileReference; lastKnownFileType = text.plist.xml; path = Info.plist; sourceTree = "<group>"; };
		7330B5BD1C4274BE005EE502 /* sapaadUITests.xctest */ = {isa = PBXFileReference; explicitFileType = wrapper.cfbundle; includeInIndex = 0; path = sapaadUITests.xctest; sourceTree = BUILT_PRODUCTS_DIR; };
		7330B5C11C4274BE005EE502 /* sapaadUITests.swift */ = {isa = PBXFileReference; lastKnownFileType = sourcecode.swift; path = sapaadUITests.swift; sourceTree = "<group>"; };
		7330B5C31C4274BE005EE502 /* Info.plist */ = {isa = PBXFileReference; lastKnownFileType = text.plist.xml; path = Info.plist; sourceTree = "<group>"; };
/* End PBXFileReference section */

/* Begin PBXFrameworksBuildPhase section */
		7330B59B1C4274BD005EE502 /* Frameworks */ = {
			isa = PBXFrameworksBuildPhase;
			buildActionMask = 2147483647;
			files = (
			);
			runOnlyForDeploymentPostprocessing = 0;
		};
		7330B5AF1C4274BE005EE502 /* Frameworks */ = {
			isa = PBXFrameworksBuildPhase;
			buildActionMask = 2147483647;
			files = (
			);
			runOnlyForDeploymentPostprocessing = 0;
		};
		7330B5BA1C4274BE005EE502 /* Frameworks */ = {
			isa = PBXFrameworksBuildPhase;
			buildActionMask = 2147483647;
			files = (
			);
			runOnlyForDeploymentPostprocessing = 0;
		};
/* End PBXFrameworksBuildPhase section */

/* Begin PBXGroup section */
		7330B5951C4274BD005EE502 = {
			isa = PBXGroup;
			children = (
				7330B5A01C4274BD005EE502 /* sapaad */,
				7330B5B51C4274BE005EE502 /* sapaadTests */,
				7330B5C01C4274BE005EE502 /* sapaadUITests */,
				7330B59F1C4274BD005EE502 /* Products */,
			);
			sourceTree = "<group>";
		};
		7330B59F1C4274BD005EE502 /* Products */ = {
			isa = PBXGroup;
			children = (
				7330B59E1C4274BD005EE502 /* sapaad.app */,
				7330B5B21C4274BE005EE502 /* sapaadTests.xctest */,
				7330B5BD1C4274BE005EE502 /* sapaadUITests.xctest */,
			);
			name = Products;
			sourceTree = "<group>";
		};
		7330B5A01C4274BD005EE502 /* sapaad */ = {
			isa = PBXGroup;
			children = (
				7330B5A11C4274BD005EE502 /* AppDelegate.swift */,
				7330B5A31C4274BD005EE502 /* ViewController.swift */,
				7330B5A51C4274BD005EE502 /* Main.storyboard */,
				7330B5A81C4274BD005EE502 /* Assets.xcassets */,
				7330B5AA1C4274BD005EE502 /* LaunchScreen.storyboard */,
				7330B5AD1C4274BD005EE502 /* Info.plist */,
			);
			path = sapaad;
			sourceTree = "<group>";
		};
		7330B5B51C4274BE005EE502 /* sapaadTests */ = {
			isa = PBXGroup;
			children = (
				7330B5B61C4274BE005EE502 /* sapaadTests.swift */,
				7330B5B81C4274BE005EE502 /* Info.plist */,
			);
			path = sapaadTests;
			sourceTree = "<group>";
		};
		7330B5C01C4274BE005EE502 /* sapaadUITests */ = {
			isa = PBXGroup;
			children = (
				7330B5C11C4274BE005EE502 /* sapaadUITests.swift */,
				7330B5C31C4274BE005EE502 /* Info.plist */,
			);
			path = sapaadUITests;
			sourceTree = "<group>";
		};
/* End PBXGroup section */

/* Begin PBXNativeTarget section */
		7330B59D1C4274BD005EE502 /* sapaad */ = {
			isa = PBXNativeTarget;
			buildConfigurationList = 7330B5C61C4274BE005EE502 /* Build configuration list for PBXNativeTarget "sapaad" */;
			buildPhases = (
				7330B59A1C4274BD005EE502 /* Sources */,
				7330B59B1C4274BD005EE502 /* Frameworks */,
				7330B59C1C4274BD005EE502 /* Resources */,
			);
			buildRules = (
			);
			dependencies = (
			);
			name = sapaad;
			productName = sapaad;
			productReference = 7330B59E1C4274BD005EE502 /* sapaad.app */;
			productType = "com.apple.product-type.application";
		};
		7330B5B11C4274BE005EE502 /* sapaadTests */ = {
			isa = PBXNativeTarget;
			buildConfigurationList = 7330B5C91C4274BE005EE502 /* Build configuration list for PBXNativeTarget "sapaadTests" */;
			buildPhases = (
				7330B5AE1C4274BE005EE502 /* Sources */,
				7330B5AF1C4274BE005EE502 /* Frameworks */,
				7330B5B01C4274BE005EE502 /* Resources */,
			);
			buildRules = (
			);
			dependencies = (
				7330B5B41C4274BE005EE502 /* PBXTargetDependency */,
			);
			name = sapaadTests;
			productName = sapaadTests;
			productReference = 7330B5B21C4274BE005EE502 /* sapaadTests.xctest */;
			productType = "com.apple.product-type.bundle.unit-test";
		};
		7330B5BC1C4274BE005EE502 /* sapaadUITests */ = {
			isa = PBXNativeTarget;
			buildConfigurationList = 7330B5CC1C4274BE005EE502 /* Build configuration list for PBXNativeTarget "sapaadUITests" */;
			buildPhases = (
				7330B5B91C4274BE005EE502 /* Sources */,
				7330B5BA1C4274BE005EE502 /* Frameworks */,
				7330B5BB1C4274BE005EE502 /* Resources */,
			);
			buildRules = (
			);
			dependencies = (
				7330B5BF1C4274BE005EE502 /* PBXTargetDependency */,
			);
			name = sapaadUITests;
			productName = sapaadUITests;
			productReference = 7330B5BD1C4274BE005EE502 /* sapaadUITests.xctest */;
			productType = "com.apple.product-type.bundle.ui-testing";
		};
/* End PBXNativeTarget section */

/* Begin PBXProject section */
		7330B5961C4274BD005EE502 /* Project object */ = {
			isa = PBXProject;
			attributes = {
				LastSwiftUpdateCheck = 0720;
				LastUpgradeCheck = 0720;
				ORGANIZATIONNAME = iPA;
				TargetAttributes = {
					7330B59D1C4274BD005EE502 = {
						CreatedOnToolsVersion = 7.2;
					};
					7330B5B11C4274BE005EE502 = {
						CreatedOnToolsVersion = 7.2;
						TestTargetID = 7330B59D1C4274BD005EE502;
					};
					7330B5BC1C4274BE005EE502 = {
						CreatedOnToolsVersion = 7.2;
						TestTargetID = 7330B59D1C4274BD005EE502;
					};
				};
			};
			buildConfigurationList = 7330B5991C4274BD005EE502 /* Build configuration list for PBXProject "sapaad" */;
			compatibilityVersion = "Xcode 3.2";
			developmentRegion = English;
			hasScannedForEncodings = 0;
			knownRegions = (
				en,
				Base,
			);
			mainGroup = 7330B5951C4274BD005EE502;
			productRefGroup = 7330B59F1C4274BD005EE502 /* Products */;
			projectDirPath = "";
			projectRoot = "";
			targets = (
				7330B59D1C4274BD005EE502 /* sapaad */,
				7330B5B11C4274BE005EE502 /* sapaadTests */,
				7330B5BC1C4274BE005EE502 /* sapaadUITests */,
			);
		};
/* End PBXProject section */

/* Begin PBXResourcesBuildPhase section */
		7330B59C1C4274BD005EE502 /* Resources */ = {
			isa = PBXResourcesBuildPhase;
			buildActionMask = 2147483647;
			files = (
				7330B5AC1C4274BD005EE502 /* LaunchScreen.storyboard in Resources */,
				7330B5A91C4274BD005EE502 /* Assets.xcassets in Resources */,
				7330B5A71C4274BD005EE502 /* Main.storyboard in Resources */,
			);
			runOnlyForDeploymentPostprocessing = 0;
		};
		7330B5B01C4274BE005EE502 /* Resources */ = {
			isa = PBXResourcesBuildPhase;
			buildActionMask = 2147483647;
			files = (
			);
			runOnlyForDeploymentPostprocessing = 0;
		};
		7330B5BB1C4274BE005EE502 /* Resources */ = {
			isa = PBXResourcesBuildPhase;
			buildActionMask = 2147483647;
			files = (
			);
			runOnlyForDeploymentPostprocessing = 0;
		};
/* End PBXResourcesBuildPhase section */

/* Begin PBXSourcesBuildPhase section */
		7330B59A1C4274BD005EE502 /* Sources */ = {
			isa = PBXSourcesBuildPhase;
			buildActionMask = 2147483647;
			files = (
				7330B5A41C4274BD005EE502 /* ViewController.swift in Sources */,
				7330B5A21C4274BD005EE502 /* AppDelegate.swift in Sources */,
			);
			runOnlyForDeploymentPostprocessing = 0;
		};
		7330B5AE1C4274BE005EE502 /* Sources */ = {
			isa = PBXSourcesBuildPhase;
			buildActionMask = 2147483647;
			files = (
				7330B5B71C4274BE005EE502 /* sapaadTests.swift in Sources */,
			);
			runOnlyForDeploymentPostprocessing = 0;
		};
		7330B5B91C4274BE005EE502 /* Sources */ = {
			isa = PBXSourcesBuildPhase;
			buildActionMask = 2147483647;
			files = (
				7330B5C21C4274BE005EE502 /* sapaadUITests.swift in Sources */,
			);
			runOnlyForDeploymentPostprocessing = 0;
		};
/* End PBXSourcesBuildPhase section */

/* Begin PBXTargetDependency section */
		7330B5B41C4274BE005EE502 /* PBXTargetDependency */ = {
			isa = PBXTargetDependency;
			target = 7330B59D1C4274BD005EE502 /* sapaad */;
			targetProxy = 7330B5B31C4274BE005EE502 /* PBXContainerItemProxy */;
		};
		7330B5BF1C4274BE005EE502 /* PBXTargetDependency */ = {
			isa = PBXTargetDependency;
			target = 7330B59D1C4274BD005EE502 /* sapaad */;
			targetProxy = 7330B5BE1C4274BE005EE502 /* PBXContainerItemProxy */;
		};
/* End PBXTargetDependency section */

/* Begin PBXVariantGroup section */
		7330B5A51C4274BD005EE502 /* Main.storyboard */ = {
			isa = PBXVariantGroup;
			children = (
				7330B5A61C4274BD005EE502 /* Base */,
			);
			name = Main.storyboard;
			sourceTree = "<group>";
		};
		7330B5AA1C4274BD005EE502 /* LaunchScreen.storyboard */ = {
			isa = PBXVariantGroup;
			children = (
				7330B5AB1C4274BD005EE502 /* Base */,
			);
			name = LaunchScreen.storyboard;
			sourceTree = "<group>";
		};
/* End PBXVariantGroup section */

/* Begin XCBuildConfiguration section */
		7330B5C41C4274BE005EE502 /* Debug */ = {
			isa = XCBuildConfiguration;
			buildSettings = {
				ALWAYS_SEARCH_USER_PATHS = NO;
				CLANG_CXX_LANGUAGE_STANDARD = "gnu++0x";
				CLANG_CXX_LIBRARY = "libc++";
				CLANG_ENABLE_MODULES = YES;
				CLANG_ENABLE_OBJC_ARC = YES;
				CLANG_WARN_BOOL_CONVERSION = YES;
				CLANG_WARN_CONSTANT_CONVERSION = YES;
				CLANG_WARN_DIRECT_OBJC_ISA_USAGE = YES_ERROR;
				CLANG_WARN_EMPTY_BODY = YES;
				CLANG_WARN_ENUM_CONVERSION = YES;
				CLANG_WARN_INT_CONVERSION = YES;
				CLANG_WARN_OBJC_ROOT_CLASS = YES_ERROR;
				CLANG_WARN_UNREACHABLE_CODE = YES;
				CLANG_WARN__DUPLICATE_METHOD_MATCH = YES;
				"CODE_SIGN_IDENTITY[sdk=iphoneos*]" = "iPhone Developer";
				COPY_PHASE_STRIP = NO;
				DEBUG_INFORMATION_FORMAT = dwarf;
				ENABLE_STRICT_OBJC_MSGSEND = YES;
				ENABLE_TESTABILITY = YES;
				GCC_C_LANGUAGE_STANDARD = gnu99;
				GCC_DYNAMIC_NO_PIC = NO;
				GCC_NO_COMMON_BLOCKS = YES;
				GCC_OPTIMIZATION_LEVEL = 0;
				GCC_PREPROCESSOR_DEFINITIONS = (
					"DEBUG=1",
					"$(inherited)",
				);
				GCC_WARN_64_TO_32_BIT_CONVERSION = YES;
				GCC_WARN_ABOUT_RETURN_TYPE = YES_ERROR;
				GCC_WARN_UNDECLARED_SELECTOR = YES;
				GCC_WARN_UNINITIALIZED_AUTOS = YES_AGGRESSIVE;
				GCC_WARN_UNUSED_FUNCTION = YES;
				GCC_WARN_UNUSED_VARIABLE = YES;
				IPHONEOS_DEPLOYMENT_TARGET = 9.2;
				MTL_ENABLE_DEBUG_INFO = YES;
				ONLY_ACTIVE_ARCH = YES;
				SDKROOT = iphoneos;
				SWIFT_OPTIMIZATION_LEVEL = "-Onone";
				TARGETED_DEVICE_FAMILY = "1,2";
			};
			name = Debug;
		};
		7330B5C51C4274BE005EE502 /* Release */ = {
			isa = XCBuildConfiguration;
			buildSettings = {
				ALWAYS_SEARCH_USER_PATHS = NO;
				CLANG_CXX_LANGUAGE_STANDARD = "gnu++0x";
				CLANG_CXX_LIBRARY = "libc++";
				CLANG_ENABLE_MODULES = YES;
				CLANG_ENABLE_OBJC_ARC = YES;
				CLANG_WARN_BOOL_CONVERSION = YES;
				CLANG_WARN_CONSTANT_CONVERSION = YES;
				CLANG_WARN_DIRECT_OBJC_ISA_USAGE = YES_ERROR;
				CLANG_WARN_EMPTY_BODY = YES;
				CLANG_WARN_ENUM_CONVERSION = YES;
				CLANG_WARN_INT_CONVERSION = YES;
				CLANG_WARN_OBJC_ROOT_CLASS = YES_ERROR;
				CLANG_WARN_UNREACHABLE_CODE = YES;
				CLANG_WARN__DUPLICATE_METHOD_MATCH = YES;
				"CODE_SIGN_IDENTITY[sdk=iphoneos*]" = "iPhone Developer";
				COPY_PHASE_STRIP = NO;
				DEBUG_INFORMATION_FORMAT = "dwarf-with-dsym";
				ENABLE_NS_ASSERTIONS = NO;
				ENABLE_STRICT_OBJC_MSGSEND = YES;
				GCC_C_LANGUAGE_STANDARD = gnu99;
				GCC_NO_COMMON_BLOCKS = YES;
				GCC_WARN_64_TO_32_BIT_CONVERSION = YES;
				GCC_WARN_ABOUT_RETURN_TYPE = YES_ERROR;
				GCC_WARN_UNDECLARED_SELECTOR = YES;
				GCC_WARN_UNINITIALIZED_AUTOS = YES_AGGRESSIVE;
				GCC_WARN_UNUSED_FUNCTION = YES;
				GCC_WARN_UNUSED_VARIABLE = YES;
				IPHONEOS_DEPLOYMENT_TARGET = 9.2;
				MTL_ENABLE_DEBUG_INFO = NO;
				SDKROOT = iphoneos;
				TARGETED_DEVICE_FAMILY = "1,2";
				VALIDATE_PRODUCT = YES;
			};
			name = Release;
		};
		7330B5C71C4274BE005EE502 /* Debug */ = {
			isa = XCBuildConfiguration;
			buildSettings = {
				ASSETCATALOG_COMPILER_APPICON_NAME = AppIcon;
				INFOPLIST_FILE = sapaad/Info.plist;
				LD_RUNPATH_SEARCH_PATHS = "$(inherited) @executable_path/Frameworks";
				PRODUCT_BUNDLE_IDENTIFIER = com.ios.sapaad.sapaad;
				PRODUCT_NAME = "$(TARGET_NAME)";
			};
			name = Debug;
		};
		7330B5C81C4274BE005EE502 /* Release */ = {
			isa = XCBuildConfiguration;
			buildSettings = {
				ASSETCATALOG_COMPILER_APPICON_NAME = AppIcon;
				INFOPLIST_FILE = sapaad/Info.plist;
				LD_RUNPATH_SEARCH_PATHS = "$(inherited) @executable_path/Frameworks";
				PRODUCT_BUNDLE_IDENTIFIER = com.ios.sapaad.sapaad;
				PRODUCT_NAME = "$(TARGET_NAME)";
			};
			name = Release;
		};
		7330B5CA1C4274BE005EE502 /* Debug */ = {
			isa = XCBuildConfiguration;
			buildSettings = {
				BUNDLE_LOADER = "$(TEST_HOST)";
				INFOPLIST_FILE = sapaadTests/Info.plist;
				LD_RUNPATH_SEARCH_PATHS = "$(inherited) @executable_path/Frameworks @loader_path/Frameworks";
				PRODUCT_BUNDLE_IDENTIFIER = com.ios.sapaad.sapaadTests;
				PRODUCT_NAME = "$(TARGET_NAME)";
				TEST_HOST = "$(BUILT_PRODUCTS_DIR)/sapaad.app/sapaad";
			};
			name = Debug;
		};
		7330B5CB1C4274BE005EE502 /* Release */ = {
			isa = XCBuildConfiguration;
			buildSettings = {
				BUNDLE_LOADER = "$(TEST_HOST)";
				INFOPLIST_FILE = sapaadTests/Info.plist;
				LD_RUNPATH_SEARCH_PATHS = "$(inherited) @executable_path/Frameworks @loader_path/Frameworks";
				PRODUCT_BUNDLE_IDENTIFIER = com.ios.sapaad.sapaadTests;
				PRODUCT_NAME = "$(TARGET_NAME)";
				TEST_HOST = "$(BUILT_PRODUCTS_DIR)/sapaad.app/sapaad";
			};
			name = Release;
		};
		7330B5CD1C4274BE005EE502 /* Debug */ = {
			isa = XCBuildConfiguration;
			buildSettings = {
				INFOPLIST_FILE = sapaadUITests/Info.plist;
				LD_RUNPATH_SEARCH_PATHS = "$(inherited) @executable_path/Frameworks @loader_path/Frameworks";
				PRODUCT_BUNDLE_IDENTIFIER = com.ios.sapaad.sapaadUITests;
				PRODUCT_NAME = "$(TARGET_NAME)";
				TEST_TARGET_NAME = sapaad;
				USES_XCTRUNNER = YES;
			};
			name = Debug;
		};
		7330B5CE1C4274BE005EE502 /* Release */ = {
			isa = XCBuildConfiguration;
			buildSettings = {
				INFOPLIST_FILE = sapaadUITests/Info.plist;
				LD_RUNPATH_SEARCH_PATHS = "$(inherited) @executable_path/Frameworks @loader_path/Frameworks";
				PRODUCT_BUNDLE_IDENTIFIER = com.ios.sapaad.sapaadUITests;
				PRODUCT_NAME = "$(TARGET_NAME)";
				TEST_TARGET_NAME = sapaad;
				USES_XCTRUNNER = YES;
			};
			name = Release;
		};
/* End XCBuildConfiguration section */

/* Begin XCConfigurationList section */
		7330B5991C4274BD005EE502 /* Build configuration list for PBXProject "sapaad" */ = {
			isa = XCConfigurationList;
			buildConfigurations = (
				7330B5C41C4274BE005EE502 /* Debug */,
				7330B5C51C4274BE005EE502 /* Release */,
			);
			defaultConfigurationIsVisible = 0;
			defaultConfigurationName = Release;
		};
		7330B5C61C4274BE005EE502 /* Build configuration list for PBXNativeTarget "sapaad" */ = {
			isa = XCConfigurationList;
			buildConfigurations = (
				7330B5C71C4274BE005EE502 /* Debug */,
				7330B5C81C4274BE005EE502 /* Release */,
			);
			defaultConfigurationIsVisible = 0;
		};
		7330B5C91C4274BE005EE502 /* Build configuration list for PBXNativeTarget "sapaadTests" */ = {
			isa = XCConfigurationList;
			buildConfigurations = (
				7330B5CA1C4274BE005EE502 /* Debug */,
				7330B5CB1C4274BE005EE502 /* Release */,
			);
			defaultConfigurationIsVisible = 0;
		};
		7330B5CC1C4274BE005EE502 /* Build configuration list for PBXNativeTarget "sapaadUITests" */ = {
			isa = XCConfigurationList;
			buildConfigurations = (
				7330B5CD1C4274BE005EE502 /* Debug */,
				7330B5CE1C4274BE005EE502 /* Release */,
			);
			defaultConfigurationIsVisible = 0;
		};
/* End XCConfigurationList section */
	};
	rootObject = 7330B5961C4274BD005EE502 /* Project object */;
}
